// !$*UTF8*$!
{
	archiveVersion = 1;
	classes = {
	};
	objectVersion = 46;
	objects = {

/* Begin PBXBuildFile section */
		0F02DAAE15F8708D006D5EF8 /* FMDatabase.m in Sources */ = {isa = PBXBuildFile; fileRef = 0F02DAA415F8708D006D5EF8 /* FMDatabase.m */; };
		0F02DAB015F8708D006D5EF8 /* FMDatabasePool.m in Sources */ = {isa = PBXBuildFile; fileRef = 0F02DAA815F8708D006D5EF8 /* FMDatabasePool.m */; };
		0F02DAB115F8708D006D5EF8 /* FMDatabaseQueue.m in Sources */ = {isa = PBXBuildFile; fileRef = 0F02DAAA15F8708D006D5EF8 /* FMDatabaseQueue.m */; };
		0F02DAB315F8708D006D5EF8 /* FMResultSet.m in Sources */ = {isa = PBXBuildFile; fileRef = 0F02DAAD15F8708D006D5EF8 /* FMResultSet.m */; };
		0F02DAD215F879CC006D5EF8 /* libsqlite3.0.dylib in Frameworks */ = {isa = PBXBuildFile; fileRef = 0F02DAD115F879CC006D5EF8 /* libsqlite3.0.dylib */; };
		0F02DB3E15F8AB40006D5EF8 /* ad.sqlite in Resources */ = {isa = PBXBuildFile; fileRef = 0F02DB3D15F8AB40006D5EF8 /* ad.sqlite */; };
		0F1A440315F206D800DC33A6 /* twoStar.png in Resources */ = {isa = PBXBuildFile; fileRef = 0F1A440015F206D800DC33A6 /* twoStar.png */; };
		0F1A440415F206D800DC33A6 /* fourStar.png in Resources */ = {isa = PBXBuildFile; fileRef = 0F1A440115F206D800DC33A6 /* fourStar.png */; };
		0F1A440515F206D800DC33A6 /* fiveStar.png in Resources */ = {isa = PBXBuildFile; fileRef = 0F1A440215F206D800DC33A6 /* fiveStar.png */; };
		0F1A440815F20B1000DC33A6 /* fiveStar.png in Resources */ = {isa = PBXBuildFile; fileRef = 0F1A440715F20B1000DC33A6 /* fiveStar.png */; };
		0F1A440C15F20B4400DC33A6 /* 13.jpg in Resources */ = {isa = PBXBuildFile; fileRef = 0F1A440915F20B4400DC33A6 /* 13.jpg */; };
		0F1A440D15F20B4400DC33A6 /* 12.jpg in Resources */ = {isa = PBXBuildFile; fileRef = 0F1A440A15F20B4400DC33A6 /* 12.jpg */; };
		0F1A440E15F20B4400DC33A6 /* 11.jpg in Resources */ = {isa = PBXBuildFile; fileRef = 0F1A440B15F20B4400DC33A6 /* 11.jpg */; };
		0F1A441415F21A4800DC33A6 /* DetailViewController.m in Sources */ = {isa = PBXBuildFile; fileRef = 0F1A441315F21A4800DC33A6 /* DetailViewController.m */; };
		0F1A441B15F2FC7200DC33A6 /* GamePickerViewController.m in Sources */ = {isa = PBXBuildFile; fileRef = 0F1A441A15F2FC7200DC33A6 /* GamePickerViewController.m */; };
		0F30518115FD73AE00EC290C /* hello.sqlite in Resources */ = {isa = PBXBuildFile; fileRef = 0F30518015FD73AE00EC290C /* hello.sqlite */; };
		0F30518815FD842E00EC290C /* FMDatabaseAdditions.m in Sources */ = {isa = PBXBuildFile; fileRef = 0F30518715FD842E00EC290C /* FMDatabaseAdditions.m */; };
		0F3A54DF15F4323D00D483A8 /* NextPageController.m in Sources */ = {isa = PBXBuildFile; fileRef = 0F3A54DE15F4323D00D483A8 /* NextPageController.m */; };
		0F694A23160C5E020098E6DC /* Icon.png in Resources */ = {isa = PBXBuildFile; fileRef = 0F694A1A160C4CFD0098E6DC /* Icon.png */; };
		0F7C457A15F1A3AC00847F7E /* UIKit.framework in Frameworks */ = {isa = PBXBuildFile; fileRef = 0F7C457915F1A3AC00847F7E /* UIKit.framework */; };
		0F7C457C15F1A3AC00847F7E /* Foundation.framework in Frameworks */ = {isa = PBXBuildFile; fileRef = 0F7C457B15F1A3AC00847F7E /* Foundation.framework */; };
		0F7C457E15F1A3AC00847F7E /* CoreGraphics.framework in Frameworks */ = {isa = PBXBuildFile; fileRef = 0F7C457D15F1A3AC00847F7E /* CoreGraphics.framework */; };
		0F7C458415F1A3AC00847F7E /* InfoPlist.strings in Resources */ = {isa = PBXBuildFile; fileRef = 0F7C458215F1A3AC00847F7E /* InfoPlist.strings */; };
		0F7C458615F1A3AC00847F7E /* main.m in Sources */ = {isa = PBXBuildFile; fileRef = 0F7C458515F1A3AC00847F7E /* main.m */; };
		0F7C458A15F1A3AC00847F7E /* sdsAppDelegate.m in Sources */ = {isa = PBXBuildFile; fileRef = 0F7C458915F1A3AC00847F7E /* sdsAppDelegate.m */; };
		0F7C458D15F1A3AD00847F7E /* MainStoryboard.storyboard in Resources */ = {isa = PBXBuildFile; fileRef = 0F7C458B15F1A3AD00847F7E /* MainStoryboard.storyboard */; };
		0F7C459015F1A3AD00847F7E /* sdsViewController.m in Sources */ = {isa = PBXBuildFile; fileRef = 0F7C458F15F1A3AD00847F7E /* sdsViewController.m */; };
		0F7C45B815F1D58400847F7E /* PlayerViewController.m in Sources */ = {isa = PBXBuildFile; fileRef = 0F7C45B715F1D58400847F7E /* PlayerViewController.m */; };
		0F7C45BC15F1D63E00847F7E /* Player.m in Sources */ = {isa = PBXBuildFile; fileRef = 0F7C45BB15F1D63E00847F7E /* Player.m */; };
		0FDB7F1D1600AFA700ED4956 /* ImageViewController.m in Sources */ = {isa = PBXBuildFile; fileRef = 0FDB7F1C1600AFA600ED4956 /* ImageViewController.m */; };
		0FDB7F281600B75800ED4956 /* 9.jpg in Resources */ = {isa = PBXBuildFile; fileRef = 0FDB7F1F1600B75700ED4956 /* 9.jpg */; };
		0FDB7F291600B75800ED4956 /* 8.jpg in Resources */ = {isa = PBXBuildFile; fileRef = 0FDB7F201600B75800ED4956 /* 8.jpg */; };
		0FDB7F2A1600B75800ED4956 /* 7.jpg in Resources */ = {isa = PBXBuildFile; fileRef = 0FDB7F211600B75800ED4956 /* 7.jpg */; };
		0FDB7F2C1600B75800ED4956 /* 5.jpg in Resources */ = {isa = PBXBuildFile; fileRef = 0FDB7F231600B75800ED4956 /* 5.jpg */; };
		0FDB7F2D1600B75800ED4956 /* 4.jpg in Resources */ = {isa = PBXBuildFile; fileRef = 0FDB7F241600B75800ED4956 /* 4.jpg */; };
		0FDB7F2E1600B75800ED4956 /* 3.jpg in Resources */ = {isa = PBXBuildFile; fileRef = 0FDB7F251600B75800ED4956 /* 3.jpg */; };
		0FDB7F2F1600B75800ED4956 /* 2.jpg in Resources */ = {isa = PBXBuildFile; fileRef = 0FDB7F261600B75800ED4956 /* 2.jpg */; };
		0FDB7F301600B75800ED4956 /* 1.jpg in Resources */ = {isa = PBXBuildFile; fileRef = 0FDB7F271600B75800ED4956 /* 1.jpg */; };
		0FDB7F3416016D7B00ED4956 /* ImageViewDetailController.m in Sources */ = {isa = PBXBuildFile; fileRef = 0FDB7F3316016D7B00ED4956 /* ImageViewDetailController.m */; };
		0FDB7F361601769D00ED4956 /* 6.jpg in Resources */ = {isa = PBXBuildFile; fileRef = 0FDB7F351601769D00ED4956 /* 6.jpg */; };
		0FDB7F621601EE8E00ED4956 /* CeshiViewController.m in Sources */ = {isa = PBXBuildFile; fileRef = 0FDB7F611601EE8E00ED4956 /* CeshiViewController.m */; };
/* End PBXBuildFile section */

/* Begin PBXFileReference section */
		0F02DAA315F8708D006D5EF8 /* FMDatabase.h */ = {isa = PBXFileReference; fileEncoding = 4; lastKnownFileType = sourcecode.c.h; path = FMDatabase.h; sourceTree = "<group>"; };
		0F02DAA415F8708D006D5EF8 /* FMDatabase.m */ = {isa = PBXFileReference; fileEncoding = 4; lastKnownFileType = sourcecode.c.objc; path = FMDatabase.m; sourceTree = "<group>"; };
		0F02DAA715F8708D006D5EF8 /* FMDatabasePool.h */ = {isa = PBXFileReference; fileEncoding = 4; lastKnownFileType = sourcecode.c.h; path = FMDatabasePool.h; sourceTree = "<group>"; };
		0F02DAA815F8708D006D5EF8 /* FMDatabasePool.m */ = {isa = PBXFileReference; fileEncoding = 4; lastKnownFileType = sourcecode.c.objc; path = FMDatabasePool.m; sourceTree = "<group>"; };
		0F02DAA915F8708D006D5EF8 /* FMDatabaseQueue.h */ = {isa = PBXFileReference; fileEncoding = 4; lastKnownFileType = sourcecode.c.h; path = FMDatabaseQueue.h; sourceTree = "<group>"; };
		0F02DAAA15F8708D006D5EF8 /* FMDatabaseQueue.m */ = {isa = PBXFileReference; fileEncoding = 4; lastKnownFileType = sourcecode.c.objc; path = FMDatabaseQueue.m; sourceTree = "<group>"; };
		0F02DAAC15F8708D006D5EF8 /* FMResultSet.h */ = {isa = PBXFileReference; fileEncoding = 4; lastKnownFileType = sourcecode.c.h; path = FMResultSet.h; sourceTree = "<group>"; };
		0F02DAAD15F8708D006D5EF8 /* FMResultSet.m */ = {isa = PBXFileReference; fileEncoding = 4; lastKnownFileType = sourcecode.c.objc; path = FMResultSet.m; sourceTree = "<group>"; };
		0F02DAD115F879CC006D5EF8 /* libsqlite3.0.dylib */ = {isa = PBXFileReference; lastKnownFileType = "compiled.mach-o.dylib"; name = libsqlite3.0.dylib; path = usr/lib/libsqlite3.0.dylib; sourceTree = SDKROOT; };
		0F02DB3D15F8AB40006D5EF8 /* ad.sqlite */ = {isa = PBXFileReference; lastKnownFileType = file; path = ad.sqlite; sourceTree = "<group>"; };
		0F1A440015F206D800DC33A6 /* twoStar.png */ = {isa = PBXFileReference; lastKnownFileType = image.png; path = twoStar.png; sourceTree = "<group>"; };
		0F1A440115F206D800DC33A6 /* fourStar.png */ = {isa = PBXFileReference; lastKnownFileType = image.png; path = fourStar.png; sourceTree = "<group>"; };
		0F1A440215F206D800DC33A6 /* fiveStar.png */ = {isa = PBXFileReference; lastKnownFileType = image.png; path = fiveStar.png; sourceTree = "<group>"; };
		0F1A440715F20B1000DC33A6 /* fiveStar.png */ = {isa = PBXFileReference; lastKnownFileType = image.png; path = fiveStar.png; sourceTree = "<group>"; };
		0F1A440915F20B4400DC33A6 /* 13.jpg */ = {isa = PBXFileReference; lastKnownFileType = image.jpeg; path = 13.jpg; sourceTree = "<group>"; };
		0F1A440A15F20B4400DC33A6 /* 12.jpg */ = {isa = PBXFileReference; lastKnownFileType = image.jpeg; path = 12.jpg; sourceTree = "<group>"; };
		0F1A440B15F20B4400DC33A6 /* 11.jpg */ = {isa = PBXFileReference; lastKnownFileType = image.jpeg; path = 11.jpg; sourceTree = "<group>"; };
		0F1A441215F21A4800DC33A6 /* DetailViewController.h */ = {isa = PBXFileReference; fileEncoding = 4; lastKnownFileType = sourcecode.c.h; path = DetailViewController.h; sourceTree = "<group>"; };
		0F1A441315F21A4800DC33A6 /* DetailViewController.m */ = {isa = PBXFileReference; fileEncoding = 4; lastKnownFileType = sourcecode.c.objc; path = DetailViewController.m; sourceTree = "<group>"; };
		0F1A441915F2FC7200DC33A6 /* GamePickerViewController.h */ = {isa = PBXFileReference; fileEncoding = 4; lastKnownFileType = sourcecode.c.h; path = GamePickerViewController.h; sourceTree = "<group>"; };
		0F1A441A15F2FC7200DC33A6 /* GamePickerViewController.m */ = {isa = PBXFileReference; fileEncoding = 4; lastKnownFileType = sourcecode.c.objc; path = GamePickerViewController.m; sourceTree = "<group>"; };
		0F30518015FD73AE00EC290C /* hello.sqlite */ = {isa = PBXFileReference; lastKnownFileType = file; path = hello.sqlite; sourceTree = "<group>"; };
		0F30518615FD842E00EC290C /* FMDatabaseAdditions.h */ = {isa = PBXFileReference; fileEncoding = 4; lastKnownFileType = sourcecode.c.h; path = FMDatabaseAdditions.h; sourceTree = "<group>"; };
		0F30518715FD842E00EC290C /* FMDatabaseAdditions.m */ = {isa = PBXFileReference; fileEncoding = 4; lastKnownFileType = sourcecode.c.objc; path = FMDatabaseAdditions.m; sourceTree = "<group>"; };
		0F3A54DD15F4323D00D483A8 /* NextPageController.h */ = {isa = PBXFileReference; fileEncoding = 4; lastKnownFileType = sourcecode.c.h; path = NextPageController.h; sourceTree = "<group>"; };
		0F3A54DE15F4323D00D483A8 /* NextPageController.m */ = {isa = PBXFileReference; fileEncoding = 4; lastKnownFileType = sourcecode.c.objc; path = NextPageController.m; sourceTree = "<group>"; };
		0F694A1A160C4CFD0098E6DC /* Icon.png */ = {isa = PBXFileReference; lastKnownFileType = image.png; path = Icon.png; sourceTree = "<group>"; };
		0F7C457515F1A3AB00847F7E /* Player.app */ = {isa = PBXFileReference; explicitFileType = wrapper.application; includeInIndex = 0; path = Player.app; sourceTree = BUILT_PRODUCTS_DIR; };
		0F7C457915F1A3AC00847F7E /* UIKit.framework */ = {isa = PBXFileReference; lastKnownFileType = wrapper.framework; name = UIKit.framework; path = System/Library/Frameworks/UIKit.framework; sourceTree = SDKROOT; };
		0F7C457B15F1A3AC00847F7E /* Foundation.framework */ = {isa = PBXFileReference; lastKnownFileType = wrapper.framework; name = Foundation.framework; path = System/Library/Frameworks/Foundation.framework; sourceTree = SDKROOT; };
		0F7C457D15F1A3AC00847F7E /* CoreGraphics.framework */ = {isa = PBXFileReference; lastKnownFileType = wrapper.framework; name = CoreGraphics.framework; path = System/Library/Frameworks/CoreGraphics.framework; sourceTree = SDKROOT; };
		0F7C458115F1A3AC00847F7E /* Ratings-Info.plist */ = {isa = PBXFileReference; lastKnownFileType = text.plist.xml; path = "Ratings-Info.plist"; sourceTree = "<group>"; };
		0F7C458315F1A3AC00847F7E /* en */ = {isa = PBXFileReference; lastKnownFileType = text.plist.strings; name = en; path = en.lproj/InfoPlist.strings; sourceTree = "<group>"; };
		0F7C458515F1A3AC00847F7E /* main.m */ = {isa = PBXFileReference; lastKnownFileType = sourcecode.c.objc; path = main.m; sourceTree = "<group>"; };
		0F7C458715F1A3AC00847F7E /* Player-Prefix.pch */ = {isa = PBXFileReference; lastKnownFileType = sourcecode.c.h; path = "Player-Prefix.pch"; sourceTree = "<group>"; };
		0F7C458815F1A3AC00847F7E /* sdsAppDelegate.h */ = {isa = PBXFileReference; lastKnownFileType = sourcecode.c.h; path = sdsAppDelegate.h; sourceTree = "<group>"; };
		0F7C458915F1A3AC00847F7E /* sdsAppDelegate.m */ = {isa = PBXFileReference; lastKnownFileType = sourcecode.c.objc; path = sdsAppDelegate.m; sourceTree = "<group>"; };
		0F7C458C15F1A3AD00847F7E /* en */ = {isa = PBXFileReference; lastKnownFileType = file.storyboard; name = en; path = en.lproj/MainStoryboard.storyboard; sourceTree = "<group>"; };
		0F7C458E15F1A3AD00847F7E /* sdsViewController.h */ = {isa = PBXFileReference; lastKnownFileType = sourcecode.c.h; path = sdsViewController.h; sourceTree = "<group>"; };
		0F7C458F15F1A3AD00847F7E /* sdsViewController.m */ = {isa = PBXFileReference; lastKnownFileType = sourcecode.c.objc; path = sdsViewController.m; sourceTree = "<group>"; };
		0F7C45B615F1D58400847F7E /* PlayerViewController.h */ = {isa = PBXFileReference; fileEncoding = 4; lastKnownFileType = sourcecode.c.h; path = PlayerViewController.h; sourceTree = "<group>"; };
		0F7C45B715F1D58400847F7E /* PlayerViewController.m */ = {isa = PBXFileReference; fileEncoding = 4; lastKnownFileType = sourcecode.c.objc; path = PlayerViewController.m; sourceTree = "<group>"; };
		0F7C45BA15F1D63E00847F7E /* Player.h */ = {isa = PBXFileReference; fileEncoding = 4; lastKnownFileType = sourcecode.c.h; path = Player.h; sourceTree = "<group>"; };
		0F7C45BB15F1D63E00847F7E /* Player.m */ = {isa = PBXFileReference; fileEncoding = 4; lastKnownFileType = sourcecode.c.objc; path = Player.m; sourceTree = "<group>"; };
		0FDB7F1B1600AFA600ED4956 /* ImageViewController.h */ = {isa = PBXFileReference; fileEncoding = 4; lastKnownFileType = sourcecode.c.h; path = ImageViewController.h; sourceTree = "<group>"; };
		0FDB7F1C1600AFA600ED4956 /* ImageViewController.m */ = {isa = PBXFileReference; fileEncoding = 4; lastKnownFileType = sourcecode.c.objc; path = ImageViewController.m; sourceTree = "<group>"; };
		0FDB7F1F1600B75700ED4956 /* 9.jpg */ = {isa = PBXFileReference; lastKnownFileType = image.jpeg; path = 9.jpg; sourceTree = "<group>"; };
		0FDB7F201600B75800ED4956 /* 8.jpg */ = {isa = PBXFileReference; lastKnownFileType = image.jpeg; path = 8.jpg; sourceTree = "<group>"; };
		0FDB7F211600B75800ED4956 /* 7.jpg */ = {isa = PBXFileReference; lastKnownFileType = image.jpeg; path = 7.jpg; sourceTree = "<group>"; };
		0FDB7F231600B75800ED4956 /* 5.jpg */ = {isa = PBXFileReference; lastKnownFileType = image.jpeg; path = 5.jpg; sourceTree = "<group>"; };
		0FDB7F241600B75800ED4956 /* 4.jpg */ = {isa = PBXFileReference; lastKnownFileType = image.jpeg; path = 4.jpg; sourceTree = "<group>"; };
		0FDB7F251600B75800ED4956 /* 3.jpg */ = {isa = PBXFileReference; lastKnownFileType = image.jpeg; path = 3.jpg; sourceTree = "<group>"; };
		0FDB7F261600B75800ED4956 /* 2.jpg */ = {isa = PBXFileReference; lastKnownFileType = image.jpeg; path = 2.jpg; sourceTree = "<group>"; };
		0FDB7F271600B75800ED4956 /* 1.jpg */ = {isa = PBXFileReference; lastKnownFileType = image.jpeg; path = 1.jpg; sourceTree = "<group>"; };
		0FDB7F3216016D7A00ED4956 /* ImageViewDetailController.h */ = {isa = PBXFileReference; fileEncoding = 4; lastKnownFileType = sourcecode.c.h; path = ImageViewDetailController.h; sourceTree = "<group>"; };
		0FDB7F3316016D7B00ED4956 /* ImageViewDetailController.m */ = {isa = PBXFileReference; fileEncoding = 4; lastKnownFileType = sourcecode.c.objc; path = ImageViewDetailController.m; sourceTree = "<group>"; };
		0FDB7F351601769D00ED4956 /* 6.jpg */ = {isa = PBXFileReference; lastKnownFileType = image.jpeg; path = 6.jpg; sourceTree = "<group>"; };
		0FDB7F601601EE8E00ED4956 /* CeshiViewController.h */ = {isa = PBXFileReference; fileEncoding = 4; lastKnownFileType = sourcecode.c.h; path = CeshiViewController.h; sourceTree = "<group>"; };
		0FDB7F611601EE8E00ED4956 /* CeshiViewController.m */ = {isa = PBXFileReference; fileEncoding = 4; lastKnownFileType = sourcecode.c.objc; path = CeshiViewController.m; sourceTree = "<group>"; };
/* End PBXFileReference section */

/* Begin PBXFrameworksBuildPhase section */
		0F7C457215F1A3AB00847F7E /* Frameworks */ = {
			isa = PBXFrameworksBuildPhase;
			buildActionMask = 2147483647;
			files = (
				0F02DAD215F879CC006D5EF8 /* libsqlite3.0.dylib in Frameworks */,
				0F7C457A15F1A3AC00847F7E /* UIKit.framework in Frameworks */,
				0F7C457C15F1A3AC00847F7E /* Foundation.framework in Frameworks */,
				0F7C457E15F1A3AC00847F7E /* CoreGraphics.framework in Frameworks */,
			);
			runOnlyForDeploymentPostprocessing = 0;
		};
/* End PBXFrameworksBuildPhase section */

/* Begin PBXGroup section */
		0F02DAA215F8708C006D5EF8 /* related Classes */ = {
			isa = PBXGroup;
			children = (
				0F30518615FD842E00EC290C /* FMDatabaseAdditions.h */,
				0F30518715FD842E00EC290C /* FMDatabaseAdditions.m */,
				0F02DAA315F8708D006D5EF8 /* FMDatabase.h */,
				0F02DAA415F8708D006D5EF8 /* FMDatabase.m */,
				0F02DAA715F8708D006D5EF8 /* FMDatabasePool.h */,
				0F02DAA815F8708D006D5EF8 /* FMDatabasePool.m */,
				0F02DAA915F8708D006D5EF8 /* FMDatabaseQueue.h */,
				0F02DAAA15F8708D006D5EF8 /* FMDatabaseQueue.m */,
				0F02DAAC15F8708D006D5EF8 /* FMResultSet.h */,
				0F02DAAD15F8708D006D5EF8 /* FMResultSet.m */,
			);
			name = "related Classes";
			path = "src 副本";
			sourceTree = "<group>";
		};
		0F7C456A15F1A3AA00847F7E = {
			isa = PBXGroup;
			children = (
				0F694A1A160C4CFD0098E6DC /* Icon.png */,
				0FDB7F601601EE8E00ED4956 /* CeshiViewController.h */,
				0FDB7F611601EE8E00ED4956 /* CeshiViewController.m */,
				0FDB7F5B1601DFD100ED4956 /* image view controller */,
				0FDB7F5A1601DFA600ED4956 /* game picker */,
				0FDB7F591601DF8800ED4956 /* add */,
				0F02DAA215F8708C006D5EF8 /* related Classes */,
				0FDB7F311600B76000ED4956 /* image */,
				0F30518015FD73AE00EC290C /* hello.sqlite */,
				0F02DB3D15F8AB40006D5EF8 /* ad.sqlite */,
				0F02DAD115F879CC006D5EF8 /* libsqlite3.0.dylib */,
				0F3A54DD15F4323D00D483A8 /* NextPageController.h */,
				0F3A54DE15F4323D00D483A8 /* NextPageController.m */,
				0F1A440915F20B4400DC33A6 /* 13.jpg */,
				0F1A440A15F20B4400DC33A6 /* 12.jpg */,
				0F1A440B15F20B4400DC33A6 /* 11.jpg */,
				0F7C45B915F1D61B00847F7E /* dataSource */,
				0F7C457F15F1A3AC00847F7E /* Ratings */,
				0F7C457815F1A3AC00847F7E /* Frameworks */,
				0F7C457615F1A3AB00847F7E /* Products */,
			);
			sourceTree = "<group>";
		};
		0F7C457615F1A3AB00847F7E /* Products */ = {
			isa = PBXGroup;
			children = (
				0F7C457515F1A3AB00847F7E /* Player.app */,
			);
			name = Products;
			sourceTree = "<group>";
		};
		0F7C457815F1A3AC00847F7E /* Frameworks */ = {
			isa = PBXGroup;
			children = (
				0F7C457915F1A3AC00847F7E /* UIKit.framework */,
				0F7C457B15F1A3AC00847F7E /* Foundation.framework */,
				0F7C457D15F1A3AC00847F7E /* CoreGraphics.framework */,
			);
			name = Frameworks;
			sourceTree = "<group>";
		};
		0F7C457F15F1A3AC00847F7E /* Ratings */ = {
			isa = PBXGroup;
			children = (
				0F7C458815F1A3AC00847F7E /* sdsAppDelegate.h */,
				0F7C458915F1A3AC00847F7E /* sdsAppDelegate.m */,
				0F7C458B15F1A3AD00847F7E /* MainStoryboard.storyboard */,
				0F7C458E15F1A3AD00847F7E /* sdsViewController.h */,
				0F7C458F15F1A3AD00847F7E /* sdsViewController.m */,
				0F7C458015F1A3AC00847F7E /* Supporting Files */,
			);
			path = Ratings;
			sourceTree = "<group>";
		};
		0F7C458015F1A3AC00847F7E /* Supporting Files */ = {
			isa = PBXGroup;
			children = (
				0F7C458115F1A3AC00847F7E /* Ratings-Info.plist */,
				0F7C458215F1A3AC00847F7E /* InfoPlist.strings */,
				0F7C458515F1A3AC00847F7E /* main.m */,
				0F7C458715F1A3AC00847F7E /* Player-Prefix.pch */,
			);
			name = "Supporting Files";
			sourceTree = "<group>";
		};
		0F7C45B915F1D61B00847F7E /* dataSource */ = {
			isa = PBXGroup;
			children = (
				0F7C45B615F1D58400847F7E /* PlayerViewController.h */,
				0F7C45B715F1D58400847F7E /* PlayerViewController.m */,
				0F1A440715F20B1000DC33A6 /* fiveStar.png */,
				0F1A440015F206D800DC33A6 /* twoStar.png */,
				0F1A440115F206D800DC33A6 /* fourStar.png */,
				0F1A440215F206D800DC33A6 /* fiveStar.png */,
				0F7C45BA15F1D63E00847F7E /* Player.h */,
				0F7C45BB15F1D63E00847F7E /* Player.m */,
			);
			name = dataSource;
			sourceTree = "<group>";
		};
		0FDB7F311600B76000ED4956 /* image */ = {
			isa = PBXGroup;
			children = (
				0FDB7F271600B75800ED4956 /* 1.jpg */,
				0FDB7F261600B75800ED4956 /* 2.jpg */,
				0FDB7F251600B75800ED4956 /* 3.jpg */,
				0FDB7F241600B75800ED4956 /* 4.jpg */,
				0FDB7F231600B75800ED4956 /* 5.jpg */,
				0FDB7F351601769D00ED4956 /* 6.jpg */,
				0FDB7F211600B75800ED4956 /* 7.jpg */,
				0FDB7F201600B75800ED4956 /* 8.jpg */,
				0FDB7F1F1600B75700ED4956 /* 9.jpg */,
			);
			name = image;
			sourceTree = "<group>";
		};
		0FDB7F591601DF8800ED4956 /* add */ = {
			isa = PBXGroup;
			children = (
				0F1A441215F21A4800DC33A6 /* DetailViewController.h */,
				0F1A441315F21A4800DC33A6 /* DetailViewController.m */,
			);
			name = add;
			sourceTree = "<group>";
		};
		0FDB7F5A1601DFA600ED4956 /* game picker */ = {
			isa = PBXGroup;
			children = (
				0F1A441915F2FC7200DC33A6 /* GamePickerViewController.h */,
				0F1A441A15F2FC7200DC33A6 /* GamePickerViewController.m */,
			);
			name = "game picker";
			sourceTree = "<group>";
		};
		0FDB7F5B1601DFD100ED4956 /* image view controller */ = {
			isa = PBXGroup;
			children = (
				0FDB7F1B1600AFA600ED4956 /* ImageViewController.h */,
				0FDB7F1C1600AFA600ED4956 /* ImageViewController.m */,
				0FDB7F3216016D7A00ED4956 /* ImageViewDetailController.h */,
				0FDB7F3316016D7B00ED4956 /* ImageViewDetailController.m */,
			);
			name = "image view controller";
			sourceTree = "<group>";
		};
/* End PBXGroup section */

/* Begin PBXNativeTarget section */
		0F7C457415F1A3AB00847F7E /* Player */ = {
			isa = PBXNativeTarget;
			buildConfigurationList = 0F7C459315F1A3AD00847F7E /* Build configuration list for PBXNativeTarget "Player" */;
			buildPhases = (
				0F7C457115F1A3AB00847F7E /* Sources */,
				0F7C457215F1A3AB00847F7E /* Frameworks */,
				0F7C457315F1A3AB00847F7E /* Resources */,
			);
			buildRules = (
			);
			dependencies = (
			);
			name = Player;
			productName = Ratings;
			productReference = 0F7C457515F1A3AB00847F7E /* Player.app */;
			productType = "com.apple.product-type.application";
		};
/* End PBXNativeTarget section */

/* Begin PBXProject section */
		0F7C456C15F1A3AA00847F7E /* Project object */ = {
			isa = PBXProject;
			attributes = {
				LastUpgradeCheck = 0420;
			};
			buildConfigurationList = 0F7C456F15F1A3AB00847F7E /* Build configuration list for PBXProject "Player" */;
			compatibilityVersion = "Xcode 3.2";
			developmentRegion = English;
			hasScannedForEncodings = 0;
			knownRegions = (
				en,
			);
			mainGroup = 0F7C456A15F1A3AA00847F7E;
			productRefGroup = 0F7C457615F1A3AB00847F7E /* Products */;
			projectDirPath = "";
			projectRoot = "";
			targets = (
				0F7C457415F1A3AB00847F7E /* Player */,
			);
		};
/* End PBXProject section */

/* Begin PBXResourcesBuildPhase section */
		0F7C457315F1A3AB00847F7E /* Resources */ = {
			isa = PBXResourcesBuildPhase;
			buildActionMask = 2147483647;
			files = (
				0F7C458415F1A3AC00847F7E /* InfoPlist.strings in Resources */,
				0F7C458D15F1A3AD00847F7E /* MainStoryboard.storyboard in Resources */,
				0F1A440315F206D800DC33A6 /* twoStar.png in Resources */,
				0F1A440415F206D800DC33A6 /* fourStar.png in Resources */,
				0F1A440515F206D800DC33A6 /* fiveStar.png in Resources */,
				0F1A440815F20B1000DC33A6 /* fiveStar.png in Resources */,
				0F1A440C15F20B4400DC33A6 /* 13.jpg in Resources */,
				0F1A440D15F20B4400DC33A6 /* 12.jpg in Resources */,
				0F1A440E15F20B4400DC33A6 /* 11.jpg in Resources */,
				0F02DB3E15F8AB40006D5EF8 /* ad.sqlite in Resources */,
				0F30518115FD73AE00EC290C /* hello.sqlite in Resources */,
				0FDB7F281600B75800ED4956 /* 9.jpg in Resources */,
				0FDB7F291600B75800ED4956 /* 8.jpg in Resources */,
				0FDB7F2A1600B75800ED4956 /* 7.jpg in Resources */,
				0FDB7F2C1600B75800ED4956 /* 5.jpg in Resources */,
				0FDB7F2D1600B75800ED4956 /* 4.jpg in Resources */,
				0FDB7F2E1600B75800ED4956 /* 3.jpg in Resources */,
				0FDB7F2F1600B75800ED4956 /* 2.jpg in Resources */,
				0FDB7F301600B75800ED4956 /* 1.jpg in Resources */,
				0FDB7F361601769D00ED4956 /* 6.jpg in Resources */,
				0F694A23160C5E020098E6DC /* Icon.png in Resources */,
			);
			runOnlyForDeploymentPostprocessing = 0;
		};
/* End PBXResourcesBuildPhase section */

/* Begin PBXSourcesBuildPhase section */
		0F7C457115F1A3AB00847F7E /* Sources */ = {
			isa = PBXSourcesBuildPhase;
			buildActionMask = 2147483647;
			files = (
				0F7C458615F1A3AC00847F7E /* main.m in Sources */,
				0F7C458A15F1A3AC00847F7E /* sdsAppDelegate.m in Sources */,
				0F7C459015F1A3AD00847F7E /* sdsViewController.m in Sources */,
				0F7C45B815F1D58400847F7E /* PlayerViewController.m in Sources */,
				0F7C45BC15F1D63E00847F7E /* Player.m in Sources */,
				0F1A441415F21A4800DC33A6 /* DetailViewController.m in Sources */,
				0F1A441B15F2FC7200DC33A6 /* GamePickerViewController.m in Sources */,
				0F3A54DF15F4323D00D483A8 /* NextPageController.m in Sources */,
				0F02DAAE15F8708D006D5EF8 /* FMDatabase.m in Sources */,
				0F02DAB015F8708D006D5EF8 /* FMDatabasePool.m in Sources */,
				0F02DAB115F8708D006D5EF8 /* FMDatabaseQueue.m in Sources */,
				0F02DAB315F8708D006D5EF8 /* FMResultSet.m in Sources */,
				0F30518815FD842E00EC290C /* FMDatabaseAdditions.m in Sources */,
				0FDB7F1D1600AFA700ED4956 /* ImageViewController.m in Sources */,
				0FDB7F3416016D7B00ED4956 /* ImageViewDetailController.m in Sources */,
				0FDB7F621601EE8E00ED4956 /* CeshiViewController.m in Sources */,
			);
			runOnlyForDeploymentPostprocessing = 0;
		};
/* End PBXSourcesBuildPhase section */

/* Begin PBXVariantGroup section */
		0F7C458215F1A3AC00847F7E /* InfoPlist.strings */ = {
			isa = PBXVariantGroup;
			children = (
				0F7C458315F1A3AC00847F7E /* en */,
			);
			name = InfoPlist.strings;
			sourceTree = "<group>";
		};
		0F7C458B15F1A3AD00847F7E /* MainStoryboard.storyboard */ = {
			isa = PBXVariantGroup;
			children = (
				0F7C458C15F1A3AD00847F7E /* en */,
			);
			name = MainStoryboard.storyboard;
			sourceTree = "<group>";
		};
/* End PBXVariantGroup section */

/* Begin XCBuildConfiguration section */
		0F7C459115F1A3AD00847F7E /* Debug */ = {
			isa = XCBuildConfiguration;
			buildSettings = {
				ALWAYS_SEARCH_USER_PATHS = NO;
				ARCHS = "$(ARCHS_STANDARD_32_BIT)";
				CODE_SIGN_IDENTITY = "iPhone Developer";
				"CODE_SIGN_IDENTITY[sdk=iphoneos*]" = "iPhone Developer: XinSi Bokan (9J5C4F237A)";
				COPY_PHASE_STRIP = NO;
				GCC_C_LANGUAGE_STANDARD = gnu99;
				GCC_DYNAMIC_NO_PIC = NO;
				GCC_OPTIMIZATION_LEVEL = 0;
				GCC_PREPROCESSOR_DEFINITIONS = (
					"DEBUG=1",
					"$(inherited)",
				);
				GCC_SYMBOLS_PRIVATE_EXTERN = NO;
				GCC_VERSION = com.apple.compilers.llvm.clang.1_0;
				GCC_WARN_ABOUT_MISSING_PROTOTYPES = YES;
				GCC_WARN_ABOUT_RETURN_TYPE = YES;
				GCC_WARN_UNUSED_VARIABLE = YES;
				IPHONEOS_DEPLOYMENT_TARGET = 5.0;
				PROVISIONING_PROFILE = "";
				"PROVISIONING_PROFILE[sdk=iphoneos*]" = "FE311141-3570-41E0-9877-12737BB6A244";
				SDKROOT = iphoneos;
			};
			name = Debug;
		};
		0F7C459215F1A3AD00847F7E /* Release */ = {
			isa = XCBuildConfiguration;
			buildSettings = {
				ALWAYS_SEARCH_USER_PATHS = NO;
				ARCHS = "$(ARCHS_STANDARD_32_BIT)";
				"CODE_SIGN_IDENTITY[sdk=iphoneos*]" = "iPhone Developer";
				COPY_PHASE_STRIP = YES;
				GCC_C_LANGUAGE_STANDARD = gnu99;
				GCC_VERSION = com.apple.compilers.llvm.clang.1_0;
				GCC_WARN_ABOUT_MISSING_PROTOTYPES = YES;
				GCC_WARN_ABOUT_RETURN_TYPE = YES;
				GCC_WARN_UNUSED_VARIABLE = YES;
				IPHONEOS_DEPLOYMENT_TARGET = 5.0;
				OTHER_CFLAGS = "-DNS_BLOCK_ASSERTIONS=1";
				SDKROOT = iphoneos;
				VALIDATE_PRODUCT = YES;
			};
			name = Release;
		};
		0F7C459415F1A3AD00847F7E /* Debug */ = {
			isa = XCBuildConfiguration;
			buildSettings = {
				CODE_SIGN_IDENTITY = "iPhone Developer";
				"CODE_SIGN_IDENTITY[sdk=iphoneos*]" = "iPhone Developer: XinSi Bokan (9J5C4F237A)";
				GCC_PRECOMPILE_PREFIX_HEADER = YES;
				GCC_PREFIX_HEADER = "Ratings/Player-Prefix.pch";
				INFOPLIST_FILE = "Ratings/Ratings-Info.plist";
				PRODUCT_NAME = Player;
				PROVISIONING_PROFILE = "";
				"PROVISIONING_PROFILE[sdk=iphoneos*]" = "FE311141-3570-41E0-9877-12737BB6A244";
				WRAPPER_EXTENSION = app;
			};
			name = Debug;
		};
		0F7C459515F1A3AD00847F7E /* Release */ = {
			isa = XCBuildConfiguration;
			buildSettings = {
				GCC_PRECOMPILE_PREFIX_HEADER = YES;
				GCC_PREFIX_HEADER = "Ratings/Player-Prefix.pch";
				INFOPLIST_FILE = "Ratings/Ratings-Info.plist";
				PRODUCT_NAME = Player;
				WRAPPER_EXTENSION = app;
			};
			name = Release;
		};
/* End XCBuildConfiguration section */

/* Begin XCConfigurationList section */
		0F7C456F15F1A3AB00847F7E /* Build configuration list for PBXProject "Player" */ = {
			isa = XCConfigurationList;
			buildConfigurations = (
				0F7C459115F1A3AD00847F7E /* Debug */,
				0F7C459215F1A3AD00847F7E /* Release */,
			);
			defaultConfigurationIsVisible = 0;
			defaultConfigurationName = Release;
		};
		0F7C459315F1A3AD00847F7E /* Build configuration list for PBXNativeTarget "Player" */ = {
			isa = XCConfigurationList;
			buildConfigurations = (
				0F7C459415F1A3AD00847F7E /* Debug */,
				0F7C459515F1A3AD00847F7E /* Release */,
			);
			defaultConfigurationIsVisible = 0;
			defaultConfigurationName = Release;
		};
/* End XCConfigurationList section */
	};
	rootObject = 0F7C456C15F1A3AA00847F7E /* Project object */;
}
