// !$*UTF8*$!
{
	archiveVersion = 1;
	classes = {
	};
	objectVersion = 46;
	objects = {

/* Begin PBXBuildFile section */
		0F3AC062162030F800EC340A /* NSString+mystring.m in Sources */ = {isa = PBXBuildFile; fileRef = 0F3AC061162030F800EC340A /* NSString+mystring.m */; };
		0FAF843416103761000D2B5A /* ASIAuthenticationDialog.m in Sources */ = {isa = PBXBuildFile; fileRef = 0FAF841816103761000D2B5A /* ASIAuthenticationDialog.m */; };
		0FAF843516103761000D2B5A /* ASIDataCompressor.m in Sources */ = {isa = PBXBuildFile; fileRef = 0FAF841B16103761000D2B5A /* ASIDataCompressor.m */; };
		0FAF843616103761000D2B5A /* ASIDataDecompressor.m in Sources */ = {isa = PBXBuildFile; fileRef = 0FAF841D16103761000D2B5A /* ASIDataDecompressor.m */; };
		0FAF843716103761000D2B5A /* ASIDownloadCache.m in Sources */ = {isa = PBXBuildFile; fileRef = 0FAF841F16103761000D2B5A /* ASIDownloadCache.m */; };
		0FAF843816103761000D2B5A /* ASIFormDataRequest.m in Sources */ = {isa = PBXBuildFile; fileRef = 0FAF842116103761000D2B5A /* ASIFormDataRequest.m */; };
		0FAF843916103761000D2B5A /* ASIHTTPRequest.m in Sources */ = {isa = PBXBuildFile; fileRef = 0FAF842316103761000D2B5A /* ASIHTTPRequest.m */; };
		0FAF843A16103761000D2B5A /* ASIInputStream.m in Sources */ = {isa = PBXBuildFile; fileRef = 0FAF842716103761000D2B5A /* ASIInputStream.m */; };
		0FAF843B16103761000D2B5A /* ASINetworkQueue.m in Sources */ = {isa = PBXBuildFile; fileRef = 0FAF842916103761000D2B5A /* ASINetworkQueue.m */; };
		0FAF843D16103761000D2B5A /* README-GHUnit in Resources */ = {isa = PBXBuildFile; fileRef = 0FAF843016103761000D2B5A /* README-GHUnit */; };
		0FAF843E16103761000D2B5A /* Reachability.m in Sources */ = {isa = PBXBuildFile; fileRef = 0FAF843316103761000D2B5A /* Reachability.m */; };
		0FAF8441161037FB000D2B5A /* SystemConfiguration.framework in Frameworks */ = {isa = PBXBuildFile; fileRef = 0FAF8440161037FB000D2B5A /* SystemConfiguration.framework */; };
		0FAF844316103812000D2B5A /* MobileCoreServices.framework in Frameworks */ = {isa = PBXBuildFile; fileRef = 0FAF844216103812000D2B5A /* MobileCoreServices.framework */; };
		0FAF844516103834000D2B5A /* CFNetwork.framework in Frameworks */ = {isa = PBXBuildFile; fileRef = 0FAF844416103834000D2B5A /* CFNetwork.framework */; };
		0FAF844716103850000D2B5A /* libz.dylib in Frameworks */ = {isa = PBXBuildFile; fileRef = 0FAF844616103850000D2B5A /* libz.dylib */; };
		0FAF844A161038FC000D2B5A /* ASIHttp.m in Sources */ = {isa = PBXBuildFile; fileRef = 0FAF8449161038FC000D2B5A /* ASIHttp.m */; };
		0FFC2142160962C8004097D8 /* UIKit.framework in Frameworks */ = {isa = PBXBuildFile; fileRef = 0FFC2141160962C8004097D8 /* UIKit.framework */; };
		0FFC2144160962C8004097D8 /* Foundation.framework in Frameworks */ = {isa = PBXBuildFile; fileRef = 0FFC2143160962C8004097D8 /* Foundation.framework */; };
		0FFC2146160962C8004097D8 /* CoreGraphics.framework in Frameworks */ = {isa = PBXBuildFile; fileRef = 0FFC2145160962C8004097D8 /* CoreGraphics.framework */; };
		0FFC214C160962C8004097D8 /* InfoPlist.strings in Resources */ = {isa = PBXBuildFile; fileRef = 0FFC214A160962C8004097D8 /* InfoPlist.strings */; };
		0FFC214E160962C8004097D8 /* main.m in Sources */ = {isa = PBXBuildFile; fileRef = 0FFC214D160962C8004097D8 /* main.m */; };
		0FFC2152160962C8004097D8 /* sdsAppDelegate.m in Sources */ = {isa = PBXBuildFile; fileRef = 0FFC2151160962C8004097D8 /* sdsAppDelegate.m */; };
		0FFC2155160962C8004097D8 /* MainStoryboard.storyboard in Resources */ = {isa = PBXBuildFile; fileRef = 0FFC2153160962C8004097D8 /* MainStoryboard.storyboard */; };
		0FFC2158160962C8004097D8 /* sdsViewController.m in Sources */ = {isa = PBXBuildFile; fileRef = 0FFC2157160962C8004097D8 /* sdsViewController.m */; };
		0FFC217A1609A216004097D8 /* GDataXMLNode.m in Sources */ = {isa = PBXBuildFile; fileRef = 0FFC21791609A216004097D8 /* GDataXMLNode.m */; };
		0FFC217C1609A227004097D8 /* libxml2.dylib in Frameworks */ = {isa = PBXBuildFile; fileRef = 0FFC217B1609A227004097D8 /* libxml2.dylib */; };
		0FFC217E1609A948004097D8 /* myxml.xml in Resources */ = {isa = PBXBuildFile; fileRef = 0FFC217D1609A948004097D8 /* myxml.xml */; };
		0FFC218D1609B1F9004097D8 /* NSObject+SBJSON.m in Sources */ = {isa = PBXBuildFile; fileRef = 0FFC21821609B1F9004097D8 /* NSObject+SBJSON.m */; };
		0FFC218E1609B1F9004097D8 /* NSString+SBJSON.m in Sources */ = {isa = PBXBuildFile; fileRef = 0FFC21841609B1F9004097D8 /* NSString+SBJSON.m */; };
		0FFC218F1609B1F9004097D8 /* SBJSON.m in Sources */ = {isa = PBXBuildFile; fileRef = 0FFC21861609B1F9004097D8 /* SBJSON.m */; };
		0FFC21901609B1F9004097D8 /* SBJsonBase.m in Sources */ = {isa = PBXBuildFile; fileRef = 0FFC21881609B1F9004097D8 /* SBJsonBase.m */; };
		0FFC21911609B1F9004097D8 /* SBJsonParser.m in Sources */ = {isa = PBXBuildFile; fileRef = 0FFC218A1609B1F9004097D8 /* SBJsonParser.m */; };
		0FFC21921609B1F9004097D8 /* SBJsonWriter.m in Sources */ = {isa = PBXBuildFile; fileRef = 0FFC218C1609B1F9004097D8 /* SBJsonWriter.m */; };
/* End PBXBuildFile section */

/* Begin PBXFileReference section */
		0F3AC060162030F800EC340A /* NSString+mystring.h */ = {isa = PBXFileReference; fileEncoding = 4; lastKnownFileType = sourcecode.c.h; path = "NSString+mystring.h"; sourceTree = "<group>"; };
		0F3AC061162030F800EC340A /* NSString+mystring.m */ = {isa = PBXFileReference; fileEncoding = 4; lastKnownFileType = sourcecode.c.objc; path = "NSString+mystring.m"; sourceTree = "<group>"; };
		0FAF841716103761000D2B5A /* ASIAuthenticationDialog.h */ = {isa = PBXFileReference; fileEncoding = 4; lastKnownFileType = sourcecode.c.h; path = ASIAuthenticationDialog.h; sourceTree = "<group>"; };
		0FAF841816103761000D2B5A /* ASIAuthenticationDialog.m */ = {isa = PBXFileReference; fileEncoding = 4; lastKnownFileType = sourcecode.c.objc; path = ASIAuthenticationDialog.m; sourceTree = "<group>"; };
		0FAF841916103761000D2B5A /* ASICacheDelegate.h */ = {isa = PBXFileReference; fileEncoding = 4; lastKnownFileType = sourcecode.c.h; path = ASICacheDelegate.h; sourceTree = "<group>"; };
		0FAF841A16103761000D2B5A /* ASIDataCompressor.h */ = {isa = PBXFileReference; fileEncoding = 4; lastKnownFileType = sourcecode.c.h; path = ASIDataCompressor.h; sourceTree = "<group>"; };
		0FAF841B16103761000D2B5A /* ASIDataCompressor.m */ = {isa = PBXFileReference; fileEncoding = 4; lastKnownFileType = sourcecode.c.objc; path = ASIDataCompressor.m; sourceTree = "<group>"; };
		0FAF841C16103761000D2B5A /* ASIDataDecompressor.h */ = {isa = PBXFileReference; fileEncoding = 4; lastKnownFileType = sourcecode.c.h; path = ASIDataDecompressor.h; sourceTree = "<group>"; };
		0FAF841D16103761000D2B5A /* ASIDataDecompressor.m */ = {isa = PBXFileReference; fileEncoding = 4; lastKnownFileType = sourcecode.c.objc; path = ASIDataDecompressor.m; sourceTree = "<group>"; };
		0FAF841E16103761000D2B5A /* ASIDownloadCache.h */ = {isa = PBXFileReference; fileEncoding = 4; lastKnownFileType = sourcecode.c.h; path = ASIDownloadCache.h; sourceTree = "<group>"; };
		0FAF841F16103761000D2B5A /* ASIDownloadCache.m */ = {isa = PBXFileReference; fileEncoding = 4; lastKnownFileType = sourcecode.c.objc; path = ASIDownloadCache.m; sourceTree = "<group>"; };
		0FAF842016103761000D2B5A /* ASIFormDataRequest.h */ = {isa = PBXFileReference; fileEncoding = 4; lastKnownFileType = sourcecode.c.h; path = ASIFormDataRequest.h; sourceTree = "<group>"; };
		0FAF842116103761000D2B5A /* ASIFormDataRequest.m */ = {isa = PBXFileReference; fileEncoding = 4; lastKnownFileType = sourcecode.c.objc; path = ASIFormDataRequest.m; sourceTree = "<group>"; };
		0FAF842216103761000D2B5A /* ASIHTTPRequest.h */ = {isa = PBXFileReference; fileEncoding = 4; lastKnownFileType = sourcecode.c.h; path = ASIHTTPRequest.h; sourceTree = "<group>"; };
		0FAF842316103761000D2B5A /* ASIHTTPRequest.m */ = {isa = PBXFileReference; fileEncoding = 4; lastKnownFileType = sourcecode.c.objc; path = ASIHTTPRequest.m; sourceTree = "<group>"; };
		0FAF842416103761000D2B5A /* ASIHTTPRequestConfig.h */ = {isa = PBXFileReference; fileEncoding = 4; lastKnownFileType = sourcecode.c.h; path = ASIHTTPRequestConfig.h; sourceTree = "<group>"; };
		0FAF842516103761000D2B5A /* ASIHTTPRequestDelegate.h */ = {isa = PBXFileReference; fileEncoding = 4; lastKnownFileType = sourcecode.c.h; path = ASIHTTPRequestDelegate.h; sourceTree = "<group>"; };
		0FAF842616103761000D2B5A /* ASIInputStream.h */ = {isa = PBXFileReference; fileEncoding = 4; lastKnownFileType = sourcecode.c.h; path = ASIInputStream.h; sourceTree = "<group>"; };
		0FAF842716103761000D2B5A /* ASIInputStream.m */ = {isa = PBXFileReference; fileEncoding = 4; lastKnownFileType = sourcecode.c.objc; path = ASIInputStream.m; sourceTree = "<group>"; };
		0FAF842816103761000D2B5A /* ASINetworkQueue.h */ = {isa = PBXFileReference; fileEncoding = 4; lastKnownFileType = sourcecode.c.h; path = ASINetworkQueue.h; sourceTree = "<group>"; };
		0FAF842916103761000D2B5A /* ASINetworkQueue.m */ = {isa = PBXFileReference; fileEncoding = 4; lastKnownFileType = sourcecode.c.objc; path = ASINetworkQueue.m; sourceTree = "<group>"; };
		0FAF842A16103761000D2B5A /* ASIProgressDelegate.h */ = {isa = PBXFileReference; fileEncoding = 4; lastKnownFileType = sourcecode.c.h; path = ASIProgressDelegate.h; sourceTree = "<group>"; };
		0FAF843016103761000D2B5A /* README-GHUnit */ = {isa = PBXFileReference; fileEncoding = 4; lastKnownFileType = text; path = "README-GHUnit"; sourceTree = "<group>"; };
		0FAF843216103761000D2B5A /* Reachability.h */ = {isa = PBXFileReference; fileEncoding = 4; lastKnownFileType = sourcecode.c.h; path = Reachability.h; sourceTree = "<group>"; };
		0FAF843316103761000D2B5A /* Reachability.m */ = {isa = PBXFileReference; fileEncoding = 4; lastKnownFileType = sourcecode.c.objc; path = Reachability.m; sourceTree = "<group>"; };
		0FAF8440161037FB000D2B5A /* SystemConfiguration.framework */ = {isa = PBXFileReference; lastKnownFileType = wrapper.framework; name = SystemConfiguration.framework; path = System/Library/Frameworks/SystemConfiguration.framework; sourceTree = SDKROOT; };
		0FAF844216103812000D2B5A /* MobileCoreServices.framework */ = {isa = PBXFileReference; lastKnownFileType = wrapper.framework; name = MobileCoreServices.framework; path = System/Library/Frameworks/MobileCoreServices.framework; sourceTree = SDKROOT; };
		0FAF844416103834000D2B5A /* CFNetwork.framework */ = {isa = PBXFileReference; lastKnownFileType = wrapper.framework; name = CFNetwork.framework; path = System/Library/Frameworks/CFNetwork.framework; sourceTree = SDKROOT; };
		0FAF844616103850000D2B5A /* libz.dylib */ = {isa = PBXFileReference; lastKnownFileType = "compiled.mach-o.dylib"; name = libz.dylib; path = usr/lib/libz.dylib; sourceTree = SDKROOT; };
		0FAF8448161038FC000D2B5A /* ASIHttp.h */ = {isa = PBXFileReference; fileEncoding = 4; lastKnownFileType = sourcecode.c.h; path = ASIHttp.h; sourceTree = "<group>"; };
		0FAF8449161038FC000D2B5A /* ASIHttp.m */ = {isa = PBXFileReference; fileEncoding = 4; lastKnownFileType = sourcecode.c.objc; path = ASIHttp.m; sourceTree = "<group>"; };
		0FFC213D160962C8004097D8 /* URL.app */ = {isa = PBXFileReference; explicitFileType = wrapper.application; includeInIndex = 0; path = URL.app; sourceTree = BUILT_PRODUCTS_DIR; };
		0FFC2141160962C8004097D8 /* UIKit.framework */ = {isa = PBXFileReference; lastKnownFileType = wrapper.framework; name = UIKit.framework; path = System/Library/Frameworks/UIKit.framework; sourceTree = SDKROOT; };
		0FFC2143160962C8004097D8 /* Foundation.framework */ = {isa = PBXFileReference; lastKnownFileType = wrapper.framework; name = Foundation.framework; path = System/Library/Frameworks/Foundation.framework; sourceTree = SDKROOT; };
		0FFC2145160962C8004097D8 /* CoreGraphics.framework */ = {isa = PBXFileReference; lastKnownFileType = wrapper.framework; name = CoreGraphics.framework; path = System/Library/Frameworks/CoreGraphics.framework; sourceTree = SDKROOT; };
		0FFC2149160962C8004097D8 /* URL-Info.plist */ = {isa = PBXFileReference; lastKnownFileType = text.plist.xml; path = "URL-Info.plist"; sourceTree = "<group>"; };
		0FFC214B160962C8004097D8 /* en */ = {isa = PBXFileReference; lastKnownFileType = text.plist.strings; name = en; path = en.lproj/InfoPlist.strings; sourceTree = "<group>"; };
		0FFC214D160962C8004097D8 /* main.m */ = {isa = PBXFileReference; lastKnownFileType = sourcecode.c.objc; path = main.m; sourceTree = "<group>"; };
		0FFC214F160962C8004097D8 /* URL-Prefix.pch */ = {isa = PBXFileReference; lastKnownFileType = sourcecode.c.h; path = "URL-Prefix.pch"; sourceTree = "<group>"; };
		0FFC2150160962C8004097D8 /* sdsAppDelegate.h */ = {isa = PBXFileReference; lastKnownFileType = sourcecode.c.h; path = sdsAppDelegate.h; sourceTree = "<group>"; };
		0FFC2151160962C8004097D8 /* sdsAppDelegate.m */ = {isa = PBXFileReference; lastKnownFileType = sourcecode.c.objc; path = sdsAppDelegate.m; sourceTree = "<group>"; };
		0FFC2154160962C8004097D8 /* en */ = {isa = PBXFileReference; lastKnownFileType = file.storyboard; name = en; path = en.lproj/MainStoryboard.storyboard; sourceTree = "<group>"; };
		0FFC2156160962C8004097D8 /* sdsViewController.h */ = {isa = PBXFileReference; lastKnownFileType = sourcecode.c.h; path = sdsViewController.h; sourceTree = "<group>"; };
		0FFC2157160962C8004097D8 /* sdsViewController.m */ = {isa = PBXFileReference; lastKnownFileType = sourcecode.c.objc; path = sdsViewController.m; sourceTree = "<group>"; };
		0FFC21781609A216004097D8 /* GDataXMLNode.h */ = {isa = PBXFileReference; fileEncoding = 4; lastKnownFileType = sourcecode.c.h; path = GDataXMLNode.h; sourceTree = "<group>"; };
		0FFC21791609A216004097D8 /* GDataXMLNode.m */ = {isa = PBXFileReference; fileEncoding = 4; lastKnownFileType = sourcecode.c.objc; path = GDataXMLNode.m; sourceTree = "<group>"; };
		0FFC217B1609A227004097D8 /* libxml2.dylib */ = {isa = PBXFileReference; lastKnownFileType = "compiled.mach-o.dylib"; name = libxml2.dylib; path = usr/lib/libxml2.dylib; sourceTree = SDKROOT; };
		0FFC217D1609A948004097D8 /* myxml.xml */ = {isa = PBXFileReference; fileEncoding = 4; lastKnownFileType = text.xml; path = myxml.xml; sourceTree = "<group>"; };
		0FFC21801609B1F9004097D8 /* JSON.h */ = {isa = PBXFileReference; fileEncoding = 4; lastKnownFileType = sourcecode.c.h; path = JSON.h; sourceTree = "<group>"; };
		0FFC21811609B1F9004097D8 /* NSObject+SBJSON.h */ = {isa = PBXFileReference; fileEncoding = 4; lastKnownFileType = sourcecode.c.h; path = "NSObject+SBJSON.h"; sourceTree = "<group>"; };
		0FFC21821609B1F9004097D8 /* NSObject+SBJSON.m */ = {isa = PBXFileReference; fileEncoding = 4; lastKnownFileType = sourcecode.c.objc; path = "NSObject+SBJSON.m"; sourceTree = "<group>"; };
		0FFC21831609B1F9004097D8 /* NSString+SBJSON.h */ = {isa = PBXFileReference; fileEncoding = 4; lastKnownFileType = sourcecode.c.h; path = "NSString+SBJSON.h"; sourceTree = "<group>"; };
		0FFC21841609B1F9004097D8 /* NSString+SBJSON.m */ = {isa = PBXFileReference; fileEncoding = 4; lastKnownFileType = sourcecode.c.objc; path = "NSString+SBJSON.m"; sourceTree = "<group>"; };
		0FFC21851609B1F9004097D8 /* SBJSON.h */ = {isa = PBXFileReference; fileEncoding = 4; lastKnownFileType = sourcecode.c.h; path = SBJSON.h; sourceTree = "<group>"; };
		0FFC21861609B1F9004097D8 /* SBJSON.m */ = {isa = PBXFileReference; fileEncoding = 4; lastKnownFileType = sourcecode.c.objc; path = SBJSON.m; sourceTree = "<group>"; };
		0FFC21871609B1F9004097D8 /* SBJsonBase.h */ = {isa = PBXFileReference; fileEncoding = 4; lastKnownFileType = sourcecode.c.h; path = SBJsonBase.h; sourceTree = "<group>"; };
		0FFC21881609B1F9004097D8 /* SBJsonBase.m */ = {isa = PBXFileReference; fileEncoding = 4; lastKnownFileType = sourcecode.c.objc; path = SBJsonBase.m; sourceTree = "<group>"; };
		0FFC21891609B1F9004097D8 /* SBJsonParser.h */ = {isa = PBXFileReference; fileEncoding = 4; lastKnownFileType = sourcecode.c.h; path = SBJsonParser.h; sourceTree = "<group>"; };
		0FFC218A1609B1F9004097D8 /* SBJsonParser.m */ = {isa = PBXFileReference; fileEncoding = 4; lastKnownFileType = sourcecode.c.objc; path = SBJsonParser.m; sourceTree = "<group>"; };
		0FFC218B1609B1F9004097D8 /* SBJsonWriter.h */ = {isa = PBXFileReference; fileEncoding = 4; lastKnownFileType = sourcecode.c.h; path = SBJsonWriter.h; sourceTree = "<group>"; };
		0FFC218C1609B1F9004097D8 /* SBJsonWriter.m */ = {isa = PBXFileReference; fileEncoding = 4; lastKnownFileType = sourcecode.c.objc; path = SBJsonWriter.m; sourceTree = "<group>"; };
/* End PBXFileReference section */

/* Begin PBXFrameworksBuildPhase section */
		0FFC213A160962C8004097D8 /* Frameworks */ = {
			isa = PBXFrameworksBuildPhase;
			buildActionMask = 2147483647;
			files = (
				0FAF844716103850000D2B5A /* libz.dylib in Frameworks */,
				0FAF844516103834000D2B5A /* CFNetwork.framework in Frameworks */,
				0FFC2146160962C8004097D8 /* CoreGraphics.framework in Frameworks */,
				0FAF844316103812000D2B5A /* MobileCoreServices.framework in Frameworks */,
				0FAF8441161037FB000D2B5A /* SystemConfiguration.framework in Frameworks */,
				0FFC217C1609A227004097D8 /* libxml2.dylib in Frameworks */,
				0FFC2142160962C8004097D8 /* UIKit.framework in Frameworks */,
				0FFC2144160962C8004097D8 /* Foundation.framework in Frameworks */,
			);
			runOnlyForDeploymentPostprocessing = 0;
		};
/* End PBXFrameworksBuildPhase section */

/* Begin PBXGroup section */
		0FAF841616103761000D2B5A /* ASIHTTPReauest */ = {
			isa = PBXGroup;
			children = (
				0FAF841716103761000D2B5A /* ASIAuthenticationDialog.h */,
				0FAF841816103761000D2B5A /* ASIAuthenticationDialog.m */,
				0FAF841916103761000D2B5A /* ASICacheDelegate.h */,
				0FAF841A16103761000D2B5A /* ASIDataCompressor.h */,
				0FAF841B16103761000D2B5A /* ASIDataCompressor.m */,
				0FAF841C16103761000D2B5A /* ASIDataDecompressor.h */,
				0FAF841D16103761000D2B5A /* ASIDataDecompressor.m */,
				0FAF841E16103761000D2B5A /* ASIDownloadCache.h */,
				0FAF841F16103761000D2B5A /* ASIDownloadCache.m */,
				0FAF842016103761000D2B5A /* ASIFormDataRequest.h */,
				0FAF842116103761000D2B5A /* ASIFormDataRequest.m */,
				0FAF842216103761000D2B5A /* ASIHTTPRequest.h */,
				0FAF842316103761000D2B5A /* ASIHTTPRequest.m */,
				0FAF842416103761000D2B5A /* ASIHTTPRequestConfig.h */,
				0FAF842516103761000D2B5A /* ASIHTTPRequestDelegate.h */,
				0FAF842616103761000D2B5A /* ASIInputStream.h */,
				0FAF842716103761000D2B5A /* ASIInputStream.m */,
				0FAF842816103761000D2B5A /* ASINetworkQueue.h */,
				0FAF842916103761000D2B5A /* ASINetworkQueue.m */,
				0FAF842A16103761000D2B5A /* ASIProgressDelegate.h */,
				0FAF842E16103761000D2B5A /* External */,
			);
			path = ASIHTTPReauest;
			sourceTree = "<group>";
		};
		0FAF842E16103761000D2B5A /* External */ = {
			isa = PBXGroup;
			children = (
				0FAF842F16103761000D2B5A /* GHUnit */,
				0FAF843116103761000D2B5A /* Reachability */,
			);
			path = External;
			sourceTree = "<group>";
		};
		0FAF842F16103761000D2B5A /* GHUnit */ = {
			isa = PBXGroup;
			children = (
				0FAF843016103761000D2B5A /* README-GHUnit */,
			);
			path = GHUnit;
			sourceTree = "<group>";
		};
		0FAF843116103761000D2B5A /* Reachability */ = {
			isa = PBXGroup;
			children = (
				0FAF843216103761000D2B5A /* Reachability.h */,
				0FAF843316103761000D2B5A /* Reachability.m */,
			);
			path = Reachability;
			sourceTree = "<group>";
		};
		0FFC2132160962C8004097D8 = {
			isa = PBXGroup;
			children = (
				0F3AC060162030F800EC340A /* NSString+mystring.h */,
				0F3AC061162030F800EC340A /* NSString+mystring.m */,
				0FAF8448161038FC000D2B5A /* ASIHttp.h */,
				0FAF8449161038FC000D2B5A /* ASIHttp.m */,
				0FAF841616103761000D2B5A /* ASIHTTPReauest */,
				0FFC217F1609B1F9004097D8 /* JSON */,
				0FFC217D1609A948004097D8 /* myxml.xml */,
				0FFC217B1609A227004097D8 /* libxml2.dylib */,
				0FFC21781609A216004097D8 /* GDataXMLNode.h */,
				0FFC21791609A216004097D8 /* GDataXMLNode.m */,
				0FFC2147160962C8004097D8 /* URL */,
				0FFC2140160962C8004097D8 /* Frameworks */,
				0FFC213E160962C8004097D8 /* Products */,
			);
			sourceTree = "<group>";
		};
		0FFC213E160962C8004097D8 /* Products */ = {
			isa = PBXGroup;
			children = (
				0FFC213D160962C8004097D8 /* URL.app */,
			);
			name = Products;
			sourceTree = "<group>";
		};
		0FFC2140160962C8004097D8 /* Frameworks */ = {
			isa = PBXGroup;
			children = (
				0FAF844616103850000D2B5A /* libz.dylib */,
				0FAF844416103834000D2B5A /* CFNetwork.framework */,
				0FAF844216103812000D2B5A /* MobileCoreServices.framework */,
				0FAF8440161037FB000D2B5A /* SystemConfiguration.framework */,
				0FFC2141160962C8004097D8 /* UIKit.framework */,
				0FFC2143160962C8004097D8 /* Foundation.framework */,
				0FFC2145160962C8004097D8 /* CoreGraphics.framework */,
			);
			name = Frameworks;
			sourceTree = "<group>";
		};
		0FFC2147160962C8004097D8 /* URL */ = {
			isa = PBXGroup;
			children = (
				0FFC2150160962C8004097D8 /* sdsAppDelegate.h */,
				0FFC2151160962C8004097D8 /* sdsAppDelegate.m */,
				0FFC2153160962C8004097D8 /* MainStoryboard.storyboard */,
				0FFC2156160962C8004097D8 /* sdsViewController.h */,
				0FFC2157160962C8004097D8 /* sdsViewController.m */,
				0FFC2148160962C8004097D8 /* Supporting Files */,
			);
			path = URL;
			sourceTree = "<group>";
		};
		0FFC2148160962C8004097D8 /* Supporting Files */ = {
			isa = PBXGroup;
			children = (
				0FFC2149160962C8004097D8 /* URL-Info.plist */,
				0FFC214A160962C8004097D8 /* InfoPlist.strings */,
				0FFC214D160962C8004097D8 /* main.m */,
				0FFC214F160962C8004097D8 /* URL-Prefix.pch */,
			);
			name = "Supporting Files";
			sourceTree = "<group>";
		};
		0FFC217F1609B1F9004097D8 /* JSON */ = {
			isa = PBXGroup;
			children = (
				0FFC21801609B1F9004097D8 /* JSON.h */,
				0FFC21811609B1F9004097D8 /* NSObject+SBJSON.h */,
				0FFC21821609B1F9004097D8 /* NSObject+SBJSON.m */,
				0FFC21831609B1F9004097D8 /* NSString+SBJSON.h */,
				0FFC21841609B1F9004097D8 /* NSString+SBJSON.m */,
				0FFC21851609B1F9004097D8 /* SBJSON.h */,
				0FFC21861609B1F9004097D8 /* SBJSON.m */,
				0FFC21871609B1F9004097D8 /* SBJsonBase.h */,
				0FFC21881609B1F9004097D8 /* SBJsonBase.m */,
				0FFC21891609B1F9004097D8 /* SBJsonParser.h */,
				0FFC218A1609B1F9004097D8 /* SBJsonParser.m */,
				0FFC218B1609B1F9004097D8 /* SBJsonWriter.h */,
				0FFC218C1609B1F9004097D8 /* SBJsonWriter.m */,
			);
			path = JSON;
			sourceTree = "<group>";
		};
/* End PBXGroup section */

/* Begin PBXNativeTarget section */
		0FFC213C160962C8004097D8 /* URL */ = {
			isa = PBXNativeTarget;
			buildConfigurationList = 0FFC215B160962C8004097D8 /* Build configuration list for PBXNativeTarget "URL" */;
			buildPhases = (
				0FFC2139160962C8004097D8 /* Sources */,
				0FFC213A160962C8004097D8 /* Frameworks */,
				0FFC213B160962C8004097D8 /* Resources */,
			);
			buildRules = (
			);
			dependencies = (
			);
			name = URL;
			productName = URL;
			productReference = 0FFC213D160962C8004097D8 /* URL.app */;
			productType = "com.apple.product-type.application";
		};
/* End PBXNativeTarget section */

/* Begin PBXProject section */
		0FFC2134160962C8004097D8 /* Project object */ = {
			isa = PBXProject;
			attributes = {
				LastUpgradeCheck = 0420;
				ORGANIZATIONNAME = davidsph;
			};
			buildConfigurationList = 0FFC2137160962C8004097D8 /* Build configuration list for PBXProject "URL" */;
			compatibilityVersion = "Xcode 3.2";
			developmentRegion = English;
			hasScannedForEncodings = 0;
			knownRegions = (
				en,
			);
			mainGroup = 0FFC2132160962C8004097D8;
			productRefGroup = 0FFC213E160962C8004097D8 /* Products */;
			projectDirPath = "";
			projectRoot = "";
			targets = (
				0FFC213C160962C8004097D8 /* URL */,
			);
		};
/* End PBXProject section */

/* Begin PBXResourcesBuildPhase section */
		0FFC213B160962C8004097D8 /* Resources */ = {
			isa = PBXResourcesBuildPhase;
			buildActionMask = 2147483647;
			files = (
				0FFC214C160962C8004097D8 /* InfoPlist.strings in Resources */,
				0FFC2155160962C8004097D8 /* MainStoryboard.storyboard in Resources */,
				0FFC217E1609A948004097D8 /* myxml.xml in Resources */,
				0FAF843D16103761000D2B5A /* README-GHUnit in Resources */,
			);
			runOnlyForDeploymentPostprocessing = 0;
		};
/* End PBXResourcesBuildPhase section */

/* Begin PBXSourcesBuildPhase section */
		0FFC2139160962C8004097D8 /* Sources */ = {
			isa = PBXSourcesBuildPhase;
			buildActionMask = 2147483647;
			files = (
				0FFC214E160962C8004097D8 /* main.m in Sources */,
				0FFC2152160962C8004097D8 /* sdsAppDelegate.m in Sources */,
				0FFC2158160962C8004097D8 /* sdsViewController.m in Sources */,
				0FFC217A1609A216004097D8 /* GDataXMLNode.m in Sources */,
				0FFC218D1609B1F9004097D8 /* NSObject+SBJSON.m in Sources */,
				0FFC218E1609B1F9004097D8 /* NSString+SBJSON.m in Sources */,
				0FFC218F1609B1F9004097D8 /* SBJSON.m in Sources */,
				0FFC21901609B1F9004097D8 /* SBJsonBase.m in Sources */,
				0FFC21911609B1F9004097D8 /* SBJsonParser.m in Sources */,
				0FFC21921609B1F9004097D8 /* SBJsonWriter.m in Sources */,
				0FAF843416103761000D2B5A /* ASIAuthenticationDialog.m in Sources */,
				0FAF843516103761000D2B5A /* ASIDataCompressor.m in Sources */,
				0FAF843616103761000D2B5A /* ASIDataDecompressor.m in Sources */,
				0FAF843716103761000D2B5A /* ASIDownloadCache.m in Sources */,
				0FAF843816103761000D2B5A /* ASIFormDataRequest.m in Sources */,
				0FAF843916103761000D2B5A /* ASIHTTPRequest.m in Sources */,
				0FAF843A16103761000D2B5A /* ASIInputStream.m in Sources */,
				0FAF843B16103761000D2B5A /* ASINetworkQueue.m in Sources */,
				0FAF843E16103761000D2B5A /* Reachability.m in Sources */,
				0FAF844A161038FC000D2B5A /* ASIHttp.m in Sources */,
				0F3AC062162030F800EC340A /* NSString+mystring.m in Sources */,
			);
			runOnlyForDeploymentPostprocessing = 0;
		};
/* End PBXSourcesBuildPhase section */

/* Begin PBXVariantGroup section */
		0FFC214A160962C8004097D8 /* InfoPlist.strings */ = {
			isa = PBXVariantGroup;
			children = (
				0FFC214B160962C8004097D8 /* en */,
			);
			name = InfoPlist.strings;
			sourceTree = "<group>";
		};
		0FFC2153160962C8004097D8 /* MainStoryboard.storyboard */ = {
			isa = PBXVariantGroup;
			children = (
				0FFC2154160962C8004097D8 /* en */,
			);
			name = MainStoryboard.storyboard;
			sourceTree = "<group>";
		};
/* End PBXVariantGroup section */

/* Begin XCBuildConfiguration section */
		0FFC2159160962C8004097D8 /* Debug */ = {
			isa = XCBuildConfiguration;
			buildSettings = {
				ALWAYS_SEARCH_USER_PATHS = NO;
				ARCHS = "$(ARCHS_STANDARD_32_BIT)";
				CODE_SIGN_IDENTITY = "iPhone Developer: XinSi Bokan (9J5C4F237A)";
				"CODE_SIGN_IDENTITY[sdk=iphoneos*]" = "iPhone Developer";
				COPY_PHASE_STRIP = NO;
				GCC_C_LANGUAGE_STANDARD = gnu99;
				GCC_DYNAMIC_NO_PIC = NO;
				GCC_OPTIMIZATION_LEVEL = 0;
				GCC_PREPROCESSOR_DEFINITIONS = (
					"DEBUG=1",
					"$(inherited)",
				);
				GCC_SYMBOLS_PRIVATE_EXTERN = NO;
				GCC_VERSION = com.apple.compilers.llvm.clang.1_0;
				GCC_WARN_ABOUT_MISSING_PROTOTYPES = YES;
				GCC_WARN_ABOUT_RETURN_TYPE = YES;
				GCC_WARN_UNUSED_VARIABLE = YES;
				IPHONEOS_DEPLOYMENT_TARGET = 5.0;
				PROVISIONING_PROFILE = "FE311141-3570-41E0-9877-12737BB6A244";
				SDKROOT = iphoneos;
			};
			name = Debug;
		};
		0FFC215A160962C8004097D8 /* Release */ = {
			isa = XCBuildConfiguration;
			buildSettings = {
				ALWAYS_SEARCH_USER_PATHS = NO;
				ARCHS = "$(ARCHS_STANDARD_32_BIT)";
				"CODE_SIGN_IDENTITY[sdk=iphoneos*]" = "iPhone Developer";
				COPY_PHASE_STRIP = YES;
				GCC_C_LANGUAGE_STANDARD = gnu99;
				GCC_VERSION = com.apple.compilers.llvm.clang.1_0;
				GCC_WARN_ABOUT_MISSING_PROTOTYPES = YES;
				GCC_WARN_ABOUT_RETURN_TYPE = YES;
				GCC_WARN_UNUSED_VARIABLE = YES;
				IPHONEOS_DEPLOYMENT_TARGET = 5.0;
				OTHER_CFLAGS = "-DNS_BLOCK_ASSERTIONS=1";
				SDKROOT = iphoneos;
				VALIDATE_PRODUCT = YES;
			};
			name = Release;
		};
		0FFC215C160962C8004097D8 /* Debug */ = {
			isa = XCBuildConfiguration;
			buildSettings = {
				GCC_PRECOMPILE_PREFIX_HEADER = YES;
				GCC_PREFIX_HEADER = "URL/URL-Prefix.pch";
				HEADER_SEARCH_PATHS = "/usr/include/libxml2/**";
				INFOPLIST_FILE = "URL/URL-Info.plist";
				IPHONEOS_DEPLOYMENT_TARGET = 5.0;
				PRODUCT_NAME = "$(TARGET_NAME)";
				WRAPPER_EXTENSION = app;
			};
			name = Debug;
		};
		0FFC215D160962C8004097D8 /* Release */ = {
			isa = XCBuildConfiguration;
			buildSettings = {
				GCC_PRECOMPILE_PREFIX_HEADER = YES;
				GCC_PREFIX_HEADER = "URL/URL-Prefix.pch";
				HEADER_SEARCH_PATHS = "/usr/include/libxml2/**";
				INFOPLIST_FILE = "URL/URL-Info.plist";
				IPHONEOS_DEPLOYMENT_TARGET = 5.0;
				PRODUCT_NAME = "$(TARGET_NAME)";
				WRAPPER_EXTENSION = app;
			};
			name = Release;
		};
/* End XCBuildConfiguration section */

/* Begin XCConfigurationList section */
		0FFC2137160962C8004097D8 /* Build configuration list for PBXProject "URL" */ = {
			isa = XCConfigurationList;
			buildConfigurations = (
				0FFC2159160962C8004097D8 /* Debug */,
				0FFC215A160962C8004097D8 /* Release */,
			);
			defaultConfigurationIsVisible = 0;
			defaultConfigurationName = Release;
		};
		0FFC215B160962C8004097D8 /* Build configuration list for PBXNativeTarget "URL" */ = {
			isa = XCConfigurationList;
			buildConfigurations = (
				0FFC215C160962C8004097D8 /* Debug */,
				0FFC215D160962C8004097D8 /* Release */,
			);
			defaultConfigurationIsVisible = 0;
			defaultConfigurationName = Release;
		};
/* End XCConfigurationList section */
	};
	rootObject = 0FFC2134160962C8004097D8 /* Project object */;
}
